{
  "originHash" : "b26621fc9ad3901af30e00e67a17ca61f5034a02609f01ffb3b6dc622bbb8643",
  "pins" : [
    {
      "identity" : "blake-hash",
      "kind" : "remoteSourceControl",
      "location" : "https://github.com/trancee/blake-hash.git",
      "state" : {
        "revision" : "30148ebb247ecf41535a91775ccff153bb9100f9",
        "version" : "1.1.1"
      }
    }
  ],
  "version" : 3
}
